
Microsoft Visual Studio Solution File, Format Version 12.00
# Visual Studio Version 17
VisualStudioVersion = 17.5.002.0
MinimumVisualStudioVersion = 10.0.40219.1
Project("{9A19103F-16F7-4668-BE54-9A1E7A4F7556}") = "CRUDAPI", "CRUDAPI\CRUDAPI.csproj", "{90455748-8CA9-4BB6-A0AB-7D3626B98279}"
EndProject
Global
	GlobalSection(SolutionConfigurationPlatforms) = preSolution
		Debug|Any CPU = Debug|Any CPU
		Release|Any CPU = Release|Any CPU
	EndGlobalSection
	GlobalSection(ProjectConfigurationPlatforms) = postSolution
		{90455748-8CA9-4BB6-A0AB-7D3626B98279}.Debug|Any CPU.ActiveCfg = Debug|Any CPU
		{90455748-8CA9-4BB6-A0AB-7D3626B98279}.Debug|Any CPU.Build.0 = Debug|Any CPU
		{90455748-8CA9-4BB6-A0AB-7D3626B98279}.Release|Any CPU.ActiveCfg = Release|Any CPU
		{90455748-8CA9-4BB6-A0AB-7D3626B98279}.Release|Any CPU.Build.0 = Release|Any CPU
	EndGlobalSection
	GlobalSection(SolutionProperties) = preSolution
		HideSolutionNode = FALSE
	EndGlobalSection
	GlobalSection(ExtensibilityGlobals) = postSolution
		SolutionGuid = {2CF6CB8D-56C4-4D8D-9246-A3EBA0D360F1}
	EndGlobalSection
EndGlobal
